
Microsoft Visual Studio Solution File, Format Version 12.00
# Visual Studio 14
VisualStudioVersion = 14.0.25420.1
MinimumVisualStudioVersion = 10.0.40219.1
Project("{FAE04EC0-301F-11D3-BF4B-00C04F79EFBC}") = "Generic.RESTful", "Generic.RESTful\Generic.RESTful.csproj", "{98762E97-F432-42B0-B931-DC5B95089293}"
EndProject
Project("{FAE04EC0-301F-11D3-BF4B-00C04F79EFBC}") = "Generic.Utils", "Generic.Utils\Generic.Utils.csproj", "{B6A8AADF-B2E2-4A70-B684-68E4EB68BD1B}"
EndProject
Global
	GlobalSection(SolutionConfigurationPlatforms) = preSolution
		Debug|Any CPU = Debug|Any CPU
		Release|Any CPU = Release|Any CPU
	EndGlobalSection
	GlobalSection(ProjectConfigurationPlatforms) = postSolution
		{98762E97-F432-42B0-B931-DC5B95089293}.Debug|Any CPU.ActiveCfg = Debug|Any CPU
		{98762E97-F432-42B0-B931-DC5B95089293}.Debug|Any CPU.Build.0 = Debug|Any CPU
		{98762E97-F432-42B0-B931-DC5B95089293}.Release|Any CPU.ActiveCfg = Release|Any CPU
		{98762E97-F432-42B0-B931-DC5B95089293}.Release|Any CPU.Build.0 = Release|Any CPU
		{B6A8AADF-B2E2-4A70-B684-68E4EB68BD1B}.Debug|Any CPU.ActiveCfg = Debug|Any CPU
		{B6A8AADF-B2E2-4A70-B684-68E4EB68BD1B}.Debug|Any CPU.Build.0 = Debug|Any CPU
		{B6A8AADF-B2E2-4A70-B684-68E4EB68BD1B}.Release|Any CPU.ActiveCfg = Release|Any CPU
		{B6A8AADF-B2E2-4A70-B684-68E4EB68BD1B}.Release|Any CPU.Build.0 = Release|Any CPU
	EndGlobalSection
	GlobalSection(SolutionProperties) = preSolution
		HideSolutionNode = FALSE
	EndGlobalSection
EndGlobal
